
Microsoft Visual Studio Solution File, Format Version 12.00
# Visual Studio Version 17
VisualStudioVersion = 17.3.32804.467
MinimumVisualStudioVersion = 10.0.40219.1
Project("{FAE04EC0-301F-11D3-BF4B-00C04F79EFBC}") = "CarLotMVC", "CarLotMVC\CarLotMVC.csproj", "{C037E9DC-A7E1-461C-943B-CAB45549B37D}"
EndProject
Project("{FAE04EC0-301F-11D3-BF4B-00C04F79EFBC}") = "AutoLotDAL", "AutoLotDAL\AutoLotDAL.csproj", "{644C69EF-BCFC-4B2A-9D7B-EB031776A6A4}"
EndProject
Project("{FAE04EC0-301F-11D3-BF4B-00C04F79EFBC}") = "AutoLotDALModels", "AutoLotDAL.Models\AutoLotDALModels.csproj", "{2AE5EC91-9C6E-4B14-93CF-8D0562AB349A}"
EndProject
Global
	GlobalSection(SolutionConfigurationPlatforms) = preSolution
		Debug|Any CPU = Debug|Any CPU
		Release|Any CPU = Release|Any CPU
	EndGlobalSection
	GlobalSection(ProjectConfigurationPlatforms) = postSolution
		{C037E9DC-A7E1-461C-943B-CAB45549B37D}.Debug|Any CPU.ActiveCfg = Debug|Any CPU
		{C037E9DC-A7E1-461C-943B-CAB45549B37D}.Debug|Any CPU.Build.0 = Debug|Any CPU
		{C037E9DC-A7E1-461C-943B-CAB45549B37D}.Release|Any CPU.ActiveCfg = Release|Any CPU
		{C037E9DC-A7E1-461C-943B-CAB45549B37D}.Release|Any CPU.Build.0 = Release|Any CPU
		{644C69EF-BCFC-4B2A-9D7B-EB031776A6A4}.Debug|Any CPU.ActiveCfg = Debug|Any CPU
		{644C69EF-BCFC-4B2A-9D7B-EB031776A6A4}.Debug|Any CPU.Build.0 = Debug|Any CPU
		{644C69EF-BCFC-4B2A-9D7B-EB031776A6A4}.Release|Any CPU.ActiveCfg = Release|Any CPU
		{644C69EF-BCFC-4B2A-9D7B-EB031776A6A4}.Release|Any CPU.Build.0 = Release|Any CPU
		{2AE5EC91-9C6E-4B14-93CF-8D0562AB349A}.Debug|Any CPU.ActiveCfg = Debug|Any CPU
		{2AE5EC91-9C6E-4B14-93CF-8D0562AB349A}.Debug|Any CPU.Build.0 = Debug|Any CPU
		{2AE5EC91-9C6E-4B14-93CF-8D0562AB349A}.Release|Any CPU.ActiveCfg = Release|Any CPU
		{2AE5EC91-9C6E-4B14-93CF-8D0562AB349A}.Release|Any CPU.Build.0 = Release|Any CPU
	EndGlobalSection
	GlobalSection(SolutionProperties) = preSolution
		HideSolutionNode = FALSE
	EndGlobalSection
	GlobalSection(ExtensibilityGlobals) = postSolution
		SolutionGuid = {BC3F8509-E929-461B-BCA3-3CCE8FF2955D}
	EndGlobalSection
EndGlobal
